
Microsoft Visual Studio Solution File, Format Version 12.00
# Visual Studio Version 17
VisualStudioVersion = 17.0.32014.148
MinimumVisualStudioVersion = 10.0.40219.1
Project("{9A19103F-16F7-4668-BE54-9A1E7A4F7556}") = "RPGCharacters", "RPGCharacters\RPGCharacters.csproj", "{73A1C5C0-4E31-424C-97C8-E4F7B64F6A86}"
EndProject
Project("{FAE04EC0-301F-11D3-BF4B-00C04F79EFBC}") = "RPGCharacters.Test", "RPGCharacters.Test\RPGCharacters.Test.csproj", "{244C2196-6360-48D2-8B4C-851DF66EB13C}"
EndProject
Global
	GlobalSection(SolutionConfigurationPlatforms) = preSolution
		Debug|Any CPU = Debug|Any CPU
		Release|Any CPU = Release|Any CPU
	EndGlobalSection
	GlobalSection(ProjectConfigurationPlatforms) = postSolution
		{73A1C5C0-4E31-424C-97C8-E4F7B64F6A86}.Debug|Any CPU.ActiveCfg = Debug|Any CPU
		{73A1C5C0-4E31-424C-97C8-E4F7B64F6A86}.Debug|Any CPU.Build.0 = Debug|Any CPU
		{73A1C5C0-4E31-424C-97C8-E4F7B64F6A86}.Release|Any CPU.ActiveCfg = Release|Any CPU
		{73A1C5C0-4E31-424C-97C8-E4F7B64F6A86}.Release|Any CPU.Build.0 = Release|Any CPU
		{244C2196-6360-48D2-8B4C-851DF66EB13C}.Debug|Any CPU.ActiveCfg = Debug|Any CPU
		{244C2196-6360-48D2-8B4C-851DF66EB13C}.Debug|Any CPU.Build.0 = Debug|Any CPU
		{244C2196-6360-48D2-8B4C-851DF66EB13C}.Release|Any CPU.ActiveCfg = Release|Any CPU
		{244C2196-6360-48D2-8B4C-851DF66EB13C}.Release|Any CPU.Build.0 = Release|Any CPU
	EndGlobalSection
	GlobalSection(SolutionProperties) = preSolution
		HideSolutionNode = FALSE
	EndGlobalSection
	GlobalSection(ExtensibilityGlobals) = postSolution
		SolutionGuid = {97990BED-C5EB-41AA-8195-58B5F31B7D12}
	EndGlobalSection
EndGlobal
